
Microsoft Visual Studio Solution File, Format Version 12.00
# Visual Studio Version 17
VisualStudioVersion = 17.5.2.0
MinimumVisualStudioVersion = 10.0.40219.1
Project("{FAE04EC0-301F-11D3-BF4B-00C04F79EFBC}") = "数据库操作", "数据库操作.csproj", "{478000F2-6B08-9720-DEF0-203B0E6CDEC1}"
EndProject
Global
	GlobalSection(SolutionConfigurationPlatforms) = preSolution
		Debug|Any CPU = Debug|Any CPU
		Release|Any CPU = Release|Any CPU
	EndGlobalSection
	GlobalSection(ProjectConfigurationPlatforms) = postSolution
		{478000F2-6B08-9720-DEF0-203B0E6CDEC1}.Debug|Any CPU.ActiveCfg = Debug|Any CPU
		{478000F2-6B08-9720-DEF0-203B0E6CDEC1}.Debug|Any CPU.Build.0 = Debug|Any CPU
		{478000F2-6B08-9720-DEF0-203B0E6CDEC1}.Release|Any CPU.ActiveCfg = Release|Any CPU
		{478000F2-6B08-9720-DEF0-203B0E6CDEC1}.Release|Any CPU.Build.0 = Release|Any CPU
	EndGlobalSection
	GlobalSection(SolutionProperties) = preSolution
		HideSolutionNode = FALSE
	EndGlobalSection
	GlobalSection(ExtensibilityGlobals) = postSolution
		SolutionGuid = {96FC1E5F-6421-4D76-89F8-172B1AC4F117}
	EndGlobalSection
EndGlobal
